// !$*UTF8*$!
{
	archiveVersion = 1;
	classes = {
	};
	objectVersion = 56;
	objects = {

/* Begin PBXBuildFile section */
		E40A28282A1670DA0058540C /* LoadingView.swift in Sources */ = {isa = PBXBuildFile; fileRef = E40A28272A1670DA0058540C /* LoadingView.swift */; };
		E40A282A2A1670EF0058540C /* LoadingShowable.swift in Sources */ = {isa = PBXBuildFile; fileRef = E40A28292A1670EF0058540C /* LoadingShowable.swift */; };
		E458196B2A0E52100016513C /* NewsDetailsViewController.swift in Sources */ = {isa = PBXBuildFile; fileRef = E458196A2A0E52100016513C /* NewsDetailsViewController.swift */; };
		E47229EF2A0DAF0D00379F29 /* SDWebImage in Frameworks */ = {isa = PBXBuildFile; productRef = E47229EE2A0DAF0D00379F29 /* SDWebImage */; };
		E482F3852A119AA200E320C1 /* NavigationController.swift in Sources */ = {isa = PBXBuildFile; fileRef = E482F3842A119AA200E320C1 /* NavigationController.swift */; };
		E482F3872A119FA400E320C1 /* FavoritesViewController.swift in Sources */ = {isa = PBXBuildFile; fileRef = E482F3862A119FA400E320C1 /* FavoritesViewController.swift */; };
		E48CADFC2A1251D400D9DF00 /* ArtsCell.swift in Sources */ = {isa = PBXBuildFile; fileRef = E48CADFB2A1251D400D9DF00 /* ArtsCell.swift */; };
		E48CADFE2A12524700D9DF00 /* ArtsNewsViewController.swift in Sources */ = {isa = PBXBuildFile; fileRef = E48CADFD2A12524700D9DF00 /* ArtsNewsViewController.swift */; };
		E48CAE002A13882800D9DF00 /* FavoritesCell.swift in Sources */ = {isa = PBXBuildFile; fileRef = E48CADFF2A13882800D9DF00 /* FavoritesCell.swift */; };
		E4C55FE22A0D14CA00F6F428 /* AppDelegate.swift in Sources */ = {isa = PBXBuildFile; fileRef = E4C55FE12A0D14CA00F6F428 /* AppDelegate.swift */; };
		E4C55FE42A0D14CA00F6F428 /* SceneDelegate.swift in Sources */ = {isa = PBXBuildFile; fileRef = E4C55FE32A0D14CA00F6F428 /* SceneDelegate.swift */; };
		E4C55FE62A0D14CA00F6F428 /* NewsCastViewController.swift in Sources */ = {isa = PBXBuildFile; fileRef = E4C55FE52A0D14CA00F6F428 /* NewsCastViewController.swift */; };
		E4C55FE92A0D14CA00F6F428 /* Main.storyboard in Resources */ = {isa = PBXBuildFile; fileRef = E4C55FE72A0D14CA00F6F428 /* Main.storyboard */; };
		E4C55FEC2A0D14CA00F6F428 /* NewsCast.xcdatamodeld in Sources */ = {isa = PBXBuildFile; fileRef = E4C55FEA2A0D14CA00F6F428 /* NewsCast.xcdatamodeld */; };
		E4C55FEE2A0D14CA00F6F428 /* Assets.xcassets in Resources */ = {isa = PBXBuildFile; fileRef = E4C55FED2A0D14CA00F6F428 /* Assets.xcassets */; };
		E4C55FF12A0D14CA00F6F428 /* LaunchScreen.storyboard in Resources */ = {isa = PBXBuildFile; fileRef = E4C55FEF2A0D14CA00F6F428 /* LaunchScreen.storyboard */; };
		E4C55FFC2A0D14CB00F6F428 /* NewsCastTests.swift in Sources */ = {isa = PBXBuildFile; fileRef = E4C55FFB2A0D14CB00F6F428 /* NewsCastTests.swift */; };
		E4C560062A0D14CB00F6F428 /* NewsCastUITests.swift in Sources */ = {isa = PBXBuildFile; fileRef = E4C560052A0D14CB00F6F428 /* NewsCastUITests.swift */; };
		E4C560082A0D14CB00F6F428 /* NewsCastUITestsLaunchTests.swift in Sources */ = {isa = PBXBuildFile; fileRef = E4C560072A0D14CB00F6F428 /* NewsCastUITestsLaunchTests.swift */; };
		E4C560162A0D15DC00F6F428 /* CustomTabBarVC.swift in Sources */ = {isa = PBXBuildFile; fileRef = E4C560152A0D15DC00F6F428 /* CustomTabBarVC.swift */; };
		E4C5601F2A0D1F2E00F6F428 /* NewsCastAPI in Frameworks */ = {isa = PBXBuildFile; productRef = E4C5601E2A0D1F2E00F6F428 /* NewsCastAPI */; };
		E4C560252A0D23EB00F6F428 /* NewsCell.swift in Sources */ = {isa = PBXBuildFile; fileRef = E4C560232A0D23EB00F6F428 /* NewsCell.swift */; };
/* End PBXBuildFile section */

/* Begin PBXContainerItemProxy section */
		E4C55FF82A0D14CB00F6F428 /* PBXContainerItemProxy */ = {
			isa = PBXContainerItemProxy;
			containerPortal = E4C55FD62A0D14CA00F6F428 /* Project object */;
			proxyType = 1;
			remoteGlobalIDString = E4C55FDD2A0D14CA00F6F428;
			remoteInfo = NewsCast;
		};
		E4C560022A0D14CB00F6F428 /* PBXContainerItemProxy */ = {
			isa = PBXContainerItemProxy;
			containerPortal = E4C55FD62A0D14CA00F6F428 /* Project object */;
			proxyType = 1;
			remoteGlobalIDString = E4C55FDD2A0D14CA00F6F428;
			remoteInfo = NewsCast;
		};
/* End PBXContainerItemProxy section */

/* Begin PBXFileReference section */
		E40A28272A1670DA0058540C /* LoadingView.swift */ = {isa = PBXFileReference; lastKnownFileType = sourcecode.swift; path = LoadingView.swift; sourceTree = "<group>"; };
		E40A28292A1670EF0058540C /* LoadingShowable.swift */ = {isa = PBXFileReference; lastKnownFileType = sourcecode.swift; path = LoadingShowable.swift; sourceTree = "<group>"; };
		E458196A2A0E52100016513C /* NewsDetailsViewController.swift */ = {isa = PBXFileReference; lastKnownFileType = sourcecode.swift; path = NewsDetailsViewController.swift; sourceTree = "<group>"; };
		E482F3842A119AA200E320C1 /* NavigationController.swift */ = {isa = PBXFileReference; lastKnownFileType = sourcecode.swift; path = NavigationController.swift; sourceTree = "<group>"; };
		E482F3862A119FA400E320C1 /* FavoritesViewController.swift */ = {isa = PBXFileReference; lastKnownFileType = sourcecode.swift; path = FavoritesViewController.swift; sourceTree = "<group>"; };
		E48CADFB2A1251D400D9DF00 /* ArtsCell.swift */ = {isa = PBXFileReference; lastKnownFileType = sourcecode.swift; path = ArtsCell.swift; sourceTree = "<group>"; };
		E48CADFD2A12524700D9DF00 /* ArtsNewsViewController.swift */ = {isa = PBXFileReference; lastKnownFileType = sourcecode.swift; path = ArtsNewsViewController.swift; sourceTree = "<group>"; };
		E48CADFF2A13882800D9DF00 /* FavoritesCell.swift */ = {isa = PBXFileReference; lastKnownFileType = sourcecode.swift; path = FavoritesCell.swift; sourceTree = "<group>"; };
		E4C55FDE2A0D14CA00F6F428 /* NewsCast.app */ = {isa = PBXFileReference; explicitFileType = wrapper.application; includeInIndex = 0; path = NewsCast.app; sourceTree = BUILT_PRODUCTS_DIR; };
		E4C55FE12A0D14CA00F6F428 /* AppDelegate.swift */ = {isa = PBXFileReference; lastKnownFileType = sourcecode.swift; path = AppDelegate.swift; sourceTree = "<group>"; };
		E4C55FE32A0D14CA00F6F428 /* SceneDelegate.swift */ = {isa = PBXFileReference; lastKnownFileType = sourcecode.swift; path = SceneDelegate.swift; sourceTree = "<group>"; };
		E4C55FE52A0D14CA00F6F428 /* NewsCastViewController.swift */ = {isa = PBXFileReference; lastKnownFileType = sourcecode.swift; path = NewsCastViewController.swift; sourceTree = "<group>"; };
		E4C55FE82A0D14CA00F6F428 /* Base */ = {isa = PBXFileReference; lastKnownFileType = file.storyboard; name = Base; path = Base.lproj/Main.storyboard; sourceTree = "<group>"; };
		E4C55FEB2A0D14CA00F6F428 /* NewsCast.xcdatamodel */ = {isa = PBXFileReference; lastKnownFileType = wrapper.xcdatamodel; path = NewsCast.xcdatamodel; sourceTree = "<group>"; };
		E4C55FED2A0D14CA00F6F428 /* Assets.xcassets */ = {isa = PBXFileReference; lastKnownFileType = folder.assetcatalog; path = Assets.xcassets; sourceTree = "<group>"; };
		E4C55FF02A0D14CA00F6F428 /* Base */ = {isa = PBXFileReference; lastKnownFileType = file.storyboard; name = Base; path = Base.lproj/LaunchScreen.storyboard; sourceTree = "<group>"; };
		E4C55FF22A0D14CA00F6F428 /* Info.plist */ = {isa = PBXFileReference; lastKnownFileType = text.plist.xml; path = Info.plist; sourceTree = "<group>"; };
		E4C55FF72A0D14CB00F6F428 /* NewsCastTests.xctest */ = {isa = PBXFileReference; explicitFileType = wrapper.cfbundle; includeInIndex = 0; path = NewsCastTests.xctest; sourceTree = BUILT_PRODUCTS_DIR; };
		E4C55FFB2A0D14CB00F6F428 /* NewsCastTests.swift */ = {isa = PBXFileReference; lastKnownFileType = sourcecode.swift; path = NewsCastTests.swift; sourceTree = "<group>"; };
		E4C560012A0D14CB00F6F428 /* NewsCastUITests.xctest */ = {isa = PBXFileReference; explicitFileType = wrapper.cfbundle; includeInIndex = 0; path = NewsCastUITests.xctest; sourceTree = BUILT_PRODUCTS_DIR; };
		E4C560052A0D14CB00F6F428 /* NewsCastUITests.swift */ = {isa = PBXFileReference; lastKnownFileType = sourcecode.swift; path = NewsCastUITests.swift; sourceTree = "<group>"; };
		E4C560072A0D14CB00F6F428 /* NewsCastUITestsLaunchTests.swift */ = {isa = PBXFileReference; lastKnownFileType = sourcecode.swift; path = NewsCastUITestsLaunchTests.swift; sourceTree = "<group>"; };
		E4C560142A0D14E800F6F428 /* NewsCastAPI */ = {isa = PBXFileReference; lastKnownFileType = wrapper; name = NewsCastAPI; path = ../NewsCastAPI; sourceTree = "<group>"; };
		E4C560152A0D15DC00F6F428 /* CustomTabBarVC.swift */ = {isa = PBXFileReference; lastKnownFileType = sourcecode.swift; path = CustomTabBarVC.swift; sourceTree = "<group>"; };
		E4C560232A0D23EB00F6F428 /* NewsCell.swift */ = {isa = PBXFileReference; lastKnownFileType = sourcecode.swift; path = NewsCell.swift; sourceTree = "<group>"; };
/* End PBXFileReference section */

/* Begin PBXFrameworksBuildPhase section */
		E4C55FDB2A0D14CA00F6F428 /* Frameworks */ = {
			isa = PBXFrameworksBuildPhase;
			buildActionMask = 2147483647;
			files = (
				E47229EF2A0DAF0D00379F29 /* SDWebImage in Frameworks */,
				E4C5601F2A0D1F2E00F6F428 /* NewsCastAPI in Frameworks */,
			);
			runOnlyForDeploymentPostprocessing = 0;
		};
		E4C55FF42A0D14CB00F6F428 /* Frameworks */ = {
			isa = PBXFrameworksBuildPhase;
			buildActionMask = 2147483647;
			files = (
			);
			runOnlyForDeploymentPostprocessing = 0;
		};
		E4C55FFE2A0D14CB00F6F428 /* Frameworks */ = {
			isa = PBXFrameworksBuildPhase;
			buildActionMask = 2147483647;
			files = (
			);
			runOnlyForDeploymentPostprocessing = 0;
		};
/* End PBXFrameworksBuildPhase section */

/* Begin PBXGroup section */
		E45819672A0E4CB90016513C /* Cells */ = {
			isa = PBXGroup;
			children = (
				E4C560232A0D23EB00F6F428 /* NewsCell.swift */,
				E48CADFB2A1251D400D9DF00 /* ArtsCell.swift */,
				E48CADFF2A13882800D9DF00 /* FavoritesCell.swift */,
			);
			path = Cells;
			sourceTree = "<group>";
		};
		E45819682A0E4CC50016513C /* View */ = {
			isa = PBXGroup;
			children = (
				E4C560152A0D15DC00F6F428 /* CustomTabBarVC.swift */,
				E482F3842A119AA200E320C1 /* NavigationController.swift */,
				E40A28272A1670DA0058540C /* LoadingView.swift */,
				E40A28292A1670EF0058540C /* LoadingShowable.swift */,
			);
			path = View;
			sourceTree = "<group>";
		};
		E45819692A0E4CD00016513C /* Controllers */ = {
			isa = PBXGroup;
			children = (
				E4C55FE52A0D14CA00F6F428 /* NewsCastViewController.swift */,
				E48CADFD2A12524700D9DF00 /* ArtsNewsViewController.swift */,
				E458196A2A0E52100016513C /* NewsDetailsViewController.swift */,
				E482F3862A119FA400E320C1 /* FavoritesViewController.swift */,
			);
			path = Controllers;
			sourceTree = "<group>";
		};
		E4C55FD52A0D14CA00F6F428 = {
			isa = PBXGroup;
			children = (
				E4C560142A0D14E800F6F428 /* NewsCastAPI */,
				E4C55FE02A0D14CA00F6F428 /* NewsCast */,
				E4C55FFA2A0D14CB00F6F428 /* NewsCastTests */,
				E4C560042A0D14CB00F6F428 /* NewsCastUITests */,
				E4C55FDF2A0D14CA00F6F428 /* Products */,
				E4C5601D2A0D1F2E00F6F428 /* Frameworks */,
			);
			sourceTree = "<group>";
		};
		E4C55FDF2A0D14CA00F6F428 /* Products */ = {
			isa = PBXGroup;
			children = (
				E4C55FDE2A0D14CA00F6F428 /* NewsCast.app */,
				E4C55FF72A0D14CB00F6F428 /* NewsCastTests.xctest */,
				E4C560012A0D14CB00F6F428 /* NewsCastUITests.xctest */,
			);
			name = Products;
			sourceTree = "<group>";
		};
		E4C55FE02A0D14CA00F6F428 /* NewsCast */ = {
			isa = PBXGroup;
			children = (
				E45819692A0E4CD00016513C /* Controllers */,
				E45819682A0E4CC50016513C /* View */,
				E45819672A0E4CB90016513C /* Cells */,
				E4C55FE12A0D14CA00F6F428 /* AppDelegate.swift */,
				E4C55FE32A0D14CA00F6F428 /* SceneDelegate.swift */,
				E4C55FE72A0D14CA00F6F428 /* Main.storyboard */,
				E4C55FED2A0D14CA00F6F428 /* Assets.xcassets */,
				E4C55FEF2A0D14CA00F6F428 /* LaunchScreen.storyboard */,
				E4C55FF22A0D14CA00F6F428 /* Info.plist */,
				E4C55FEA2A0D14CA00F6F428 /* NewsCast.xcdatamodeld */,
			);
			path = NewsCast;
			sourceTree = "<group>";
		};
		E4C55FFA2A0D14CB00F6F428 /* NewsCastTests */ = {
			isa = PBXGroup;
			children = (
				E4C55FFB2A0D14CB00F6F428 /* NewsCastTests.swift */,
			);
			path = NewsCastTests;
			sourceTree = "<group>";
		};
		E4C560042A0D14CB00F6F428 /* NewsCastUITests */ = {
			isa = PBXGroup;
			children = (
				E4C560052A0D14CB00F6F428 /* NewsCastUITests.swift */,
				E4C560072A0D14CB00F6F428 /* NewsCastUITestsLaunchTests.swift */,
			);
			path = NewsCastUITests;
			sourceTree = "<group>";
		};
		E4C5601D2A0D1F2E00F6F428 /* Frameworks */ = {
			isa = PBXGroup;
			children = (
			);
			name = Frameworks;
			sourceTree = "<group>";
		};
/* End PBXGroup section */

/* Begin PBXNativeTarget section */
		E4C55FDD2A0D14CA00F6F428 /* NewsCast */ = {
			isa = PBXNativeTarget;
			buildConfigurationList = E4C5600B2A0D14CB00F6F428 /* Build configuration list for PBXNativeTarget "NewsCast" */;
			buildPhases = (
				E4C55FDA2A0D14CA00F6F428 /* Sources */,
				E4C55FDB2A0D14CA00F6F428 /* Frameworks */,
				E4C55FDC2A0D14CA00F6F428 /* Resources */,
			);
			buildRules = (
			);
			dependencies = (
			);
			name = NewsCast;
			packageProductDependencies = (
				E4C5601E2A0D1F2E00F6F428 /* NewsCastAPI */,
				E47229EE2A0DAF0D00379F29 /* SDWebImage */,
			);
			productName = NewsCast;
			productReference = E4C55FDE2A0D14CA00F6F428 /* NewsCast.app */;
			productType = "com.apple.product-type.application";
		};
		E4C55FF62A0D14CB00F6F428 /* NewsCastTests */ = {
			isa = PBXNativeTarget;
			buildConfigurationList = E4C5600E2A0D14CB00F6F428 /* Build configuration list for PBXNativeTarget "NewsCastTests" */;
			buildPhases = (
				E4C55FF32A0D14CB00F6F428 /* Sources */,
				E4C55FF42A0D14CB00F6F428 /* Frameworks */,
				E4C55FF52A0D14CB00F6F428 /* Resources */,
			);
			buildRules = (
			);
			dependencies = (
				E4C55FF92A0D14CB00F6F428 /* PBXTargetDependency */,
			);
			name = NewsCastTests;
			productName = NewsCastTests;
			productReference = E4C55FF72A0D14CB00F6F428 /* NewsCastTests.xctest */;
			productType = "com.apple.product-type.bundle.unit-test";
		};
		E4C560002A0D14CB00F6F428 /* NewsCastUITests */ = {
			isa = PBXNativeTarget;
			buildConfigurationList = E4C560112A0D14CB00F6F428 /* Build configuration list for PBXNativeTarget "NewsCastUITests" */;
			buildPhases = (
				E4C55FFD2A0D14CB00F6F428 /* Sources */,
				E4C55FFE2A0D14CB00F6F428 /* Frameworks */,
				E4C55FFF2A0D14CB00F6F428 /* Resources */,
			);
			buildRules = (
			);
			dependencies = (
				E4C560032A0D14CB00F6F428 /* PBXTargetDependency */,
			);
			name = NewsCastUITests;
			productName = NewsCastUITests;
			productReference = E4C560012A0D14CB00F6F428 /* NewsCastUITests.xctest */;
			productType = "com.apple.product-type.bundle.ui-testing";
		};
/* End PBXNativeTarget section */

/* Begin PBXProject section */
		E4C55FD62A0D14CA00F6F428 /* Project object */ = {
			isa = PBXProject;
			attributes = {
				BuildIndependentTargetsInParallel = 1;
				LastSwiftUpdateCheck = 1430;
				LastUpgradeCheck = 1430;
				TargetAttributes = {
					E4C55FDD2A0D14CA00F6F428 = {
						CreatedOnToolsVersion = 14.3;
					};
					E4C55FF62A0D14CB00F6F428 = {
						CreatedOnToolsVersion = 14.3;
						TestTargetID = E4C55FDD2A0D14CA00F6F428;
					};
					E4C560002A0D14CB00F6F428 = {
						CreatedOnToolsVersion = 14.3;
						TestTargetID = E4C55FDD2A0D14CA00F6F428;
					};
				};
			};
			buildConfigurationList = E4C55FD92A0D14CA00F6F428 /* Build configuration list for PBXProject "NewsCast" */;
			compatibilityVersion = "Xcode 14.0";
			developmentRegion = en;
			hasScannedForEncodings = 0;
			knownRegions = (
				en,
				Base,
			);
			mainGroup = E4C55FD52A0D14CA00F6F428;
			packageReferences = (
				E47229ED2A0DAF0D00379F29 /* XCRemoteSwiftPackageReference "SDWebImage" */,
			);
			productRefGroup = E4C55FDF2A0D14CA00F6F428 /* Products */;
			projectDirPath = "";
			projectRoot = "";
			targets = (
				E4C55FDD2A0D14CA00F6F428 /* NewsCast */,
				E4C55FF62A0D14CB00F6F428 /* NewsCastTests */,
				E4C560002A0D14CB00F6F428 /* NewsCastUITests */,
			);
		};
/* End PBXProject section */

/* Begin PBXResourcesBuildPhase section */
		E4C55FDC2A0D14CA00F6F428 /* Resources */ = {
			isa = PBXResourcesBuildPhase;
			buildActionMask = 2147483647;
			files = (
				E4C55FF12A0D14CA00F6F428 /* LaunchScreen.storyboard in Resources */,
				E4C55FEE2A0D14CA00F6F428 /* Assets.xcassets in Resources */,
				E4C55FE92A0D14CA00F6F428 /* Main.storyboard in Resources */,
			);
			runOnlyForDeploymentPostprocessing = 0;
		};
		E4C55FF52A0D14CB00F6F428 /* Resources */ = {
			isa = PBXResourcesBuildPhase;
			buildActionMask = 2147483647;
			files = (
			);
			runOnlyForDeploymentPostprocessing = 0;
		};
		E4C55FFF2A0D14CB00F6F428 /* Resources */ = {
			isa = PBXResourcesBuildPhase;
			buildActionMask = 2147483647;
			files = (
			);
			runOnlyForDeploymentPostprocessing = 0;
		};
/* End PBXResourcesBuildPhase section */

/* Begin PBXSourcesBuildPhase section */
		E4C55FDA2A0D14CA00F6F428 /* Sources */ = {
			isa = PBXSourcesBuildPhase;
			buildActionMask = 2147483647;
			files = (
				E4C560252A0D23EB00F6F428 /* NewsCell.swift in Sources */,
				E482F3872A119FA400E320C1 /* FavoritesViewController.swift in Sources */,
				E458196B2A0E52100016513C /* NewsDetailsViewController.swift in Sources */,
				E4C55FE62A0D14CA00F6F428 /* NewsCastViewController.swift in Sources */,
				E482F3852A119AA200E320C1 /* NavigationController.swift in Sources */,
				E48CAE002A13882800D9DF00 /* FavoritesCell.swift in Sources */,
				E4C55FEC2A0D14CA00F6F428 /* NewsCast.xcdatamodeld in Sources */,
				E4C560162A0D15DC00F6F428 /* CustomTabBarVC.swift in Sources */,
				E48CADFC2A1251D400D9DF00 /* ArtsCell.swift in Sources */,
				E48CADFE2A12524700D9DF00 /* ArtsNewsViewController.swift in Sources */,
				E4C55FE22A0D14CA00F6F428 /* AppDelegate.swift in Sources */,
				E40A28282A1670DA0058540C /* LoadingView.swift in Sources */,
				E4C55FE42A0D14CA00F6F428 /* SceneDelegate.swift in Sources */,
				E40A282A2A1670EF0058540C /* LoadingShowable.swift in Sources */,
			);
			runOnlyForDeploymentPostprocessing = 0;
		};
		E4C55FF32A0D14CB00F6F428 /* Sources */ = {
			isa = PBXSourcesBuildPhase;
			buildActionMask = 2147483647;
			files = (
				E4C55FFC2A0D14CB00F6F428 /* NewsCastTests.swift in Sources */,
			);
			runOnlyForDeploymentPostprocessing = 0;
		};
		E4C55FFD2A0D14CB00F6F428 /* Sources */ = {
			isa = PBXSourcesBuildPhase;
			buildActionMask = 2147483647;
			files = (
				E4C560082A0D14CB00F6F428 /* NewsCastUITestsLaunchTests.swift in Sources */,
				E4C560062A0D14CB00F6F428 /* NewsCastUITests.swift in Sources */,
			);
			runOnlyForDeploymentPostprocessing = 0;
		};
/* End PBXSourcesBuildPhase section */

/* Begin PBXTargetDependency section */
		E4C55FF92A0D14CB00F6F428 /* PBXTargetDependency */ = {
			isa = PBXTargetDependency;
			target = E4C55FDD2A0D14CA00F6F428 /* NewsCast */;
			targetProxy = E4C55FF82A0D14CB00F6F428 /* PBXContainerItemProxy */;
		};
		E4C560032A0D14CB00F6F428 /* PBXTargetDependency */ = {
			isa = PBXTargetDependency;
			target = E4C55FDD2A0D14CA00F6F428 /* NewsCast */;
			targetProxy = E4C560022A0D14CB00F6F428 /* PBXContainerItemProxy */;
		};
/* End PBXTargetDependency section */

/* Begin PBXVariantGroup section */
		E4C55FE72A0D14CA00F6F428 /* Main.storyboard */ = {
			isa = PBXVariantGroup;
			children = (
				E4C55FE82A0D14CA00F6F428 /* Base */,
			);
			name = Main.storyboard;
			sourceTree = "<group>";
		};
		E4C55FEF2A0D14CA00F6F428 /* LaunchScreen.storyboard */ = {
			isa = PBXVariantGroup;
			children = (
				E4C55FF02A0D14CA00F6F428 /* Base */,
			);
			name = LaunchScreen.storyboard;
			sourceTree = "<group>";
		};
/* End PBXVariantGroup section */

/* Begin XCBuildConfiguration section */
		E4C560092A0D14CB00F6F428 /* Debug */ = {
			isa = XCBuildConfiguration;
			buildSettings = {
				ALWAYS_SEARCH_USER_PATHS = NO;
				CLANG_ANALYZER_NONNULL = YES;
				CLANG_ANALYZER_NUMBER_OBJECT_CONVERSION = YES_AGGRESSIVE;
				CLANG_CXX_LANGUAGE_STANDARD = "gnu++20";
				CLANG_ENABLE_MODULES = YES;
				CLANG_ENABLE_OBJC_ARC = YES;
				CLANG_ENABLE_OBJC_WEAK = YES;
				CLANG_WARN_BLOCK_CAPTURE_AUTORELEASING = YES;
				CLANG_WARN_BOOL_CONVERSION = YES;
				CLANG_WARN_COMMA = YES;
				CLANG_WARN_CONSTANT_CONVERSION = YES;
				CLANG_WARN_DEPRECATED_OBJC_IMPLEMENTATIONS = YES;
				CLANG_WARN_DIRECT_OBJC_ISA_USAGE = YES_ERROR;
				CLANG_WARN_DOCUMENTATION_COMMENTS = YES;
				CLANG_WARN_EMPTY_BODY = YES;
				CLANG_WARN_ENUM_CONVERSION = YES;
				CLANG_WARN_INFINITE_RECURSION = YES;
				CLANG_WARN_INT_CONVERSION = YES;
				CLANG_WARN_NON_LITERAL_NULL_CONVERSION = YES;
				CLANG_WARN_OBJC_IMPLICIT_RETAIN_SELF = YES;
				CLANG_WARN_OBJC_LITERAL_CONVERSION = YES;
				CLANG_WARN_OBJC_ROOT_CLASS = YES_ERROR;
				CLANG_WARN_QUOTED_INCLUDE_IN_FRAMEWORK_HEADER = YES;
				CLANG_WARN_RANGE_LOOP_ANALYSIS = YES;
				CLANG_WARN_STRICT_PROTOTYPES = YES;
				CLANG_WARN_SUSPICIOUS_MOVE = YES;
				CLANG_WARN_UNGUARDED_AVAILABILITY = YES_AGGRESSIVE;
				CLANG_WARN_UNREACHABLE_CODE = YES;
				CLANG_WARN__DUPLICATE_METHOD_MATCH = YES;
				COPY_PHASE_STRIP = NO;
				DEBUG_INFORMATION_FORMAT = dwarf;
				ENABLE_STRICT_OBJC_MSGSEND = YES;
				ENABLE_TESTABILITY = YES;
				GCC_C_LANGUAGE_STANDARD = gnu11;
				GCC_DYNAMIC_NO_PIC = NO;
				GCC_NO_COMMON_BLOCKS = YES;
				GCC_OPTIMIZATION_LEVEL = 0;
				GCC_PREPROCESSOR_DEFINITIONS = (
					"DEBUG=1",
					"$(inherited)",
				);
				GCC_WARN_64_TO_32_BIT_CONVERSION = YES;
				GCC_WARN_ABOUT_RETURN_TYPE = YES_ERROR;
				GCC_WARN_UNDECLARED_SELECTOR = YES;
				GCC_WARN_UNINITIALIZED_AUTOS = YES_AGGRESSIVE;
				GCC_WARN_UNUSED_FUNCTION = YES;
				GCC_WARN_UNUSED_VARIABLE = YES;
				IPHONEOS_DEPLOYMENT_TARGET = 16.4;
				MTL_ENABLE_DEBUG_INFO = INCLUDE_SOURCE;
				MTL_FAST_MATH = YES;
				ONLY_ACTIVE_ARCH = YES;
				SDKROOT = iphoneos;
				SWIFT_ACTIVE_COMPILATION_CONDITIONS = DEBUG;
				SWIFT_OPTIMIZATION_LEVEL = "-Onone";
			};
			name = Debug;
		};
		E4C5600A2A0D14CB00F6F428 /* Release */ = {
			isa = XCBuildConfiguration;
			buildSettings = {
				ALWAYS_SEARCH_USER_PATHS = NO;
				CLANG_ANALYZER_NONNULL = YES;
				CLANG_ANALYZER_NUMBER_OBJECT_CONVERSION = YES_AGGRESSIVE;
				CLANG_CXX_LANGUAGE_STANDARD = "gnu++20";
				CLANG_ENABLE_MODULES = YES;
				CLANG_ENABLE_OBJC_ARC = YES;
				CLANG_ENABLE_OBJC_WEAK = YES;
				CLANG_WARN_BLOCK_CAPTURE_AUTORELEASING = YES;
				CLANG_WARN_BOOL_CONVERSION = YES;
				CLANG_WARN_COMMA = YES;
				CLANG_WARN_CONSTANT_CONVERSION = YES;
				CLANG_WARN_DEPRECATED_OBJC_IMPLEMENTATIONS = YES;
				CLANG_WARN_DIRECT_OBJC_ISA_USAGE = YES_ERROR;
				CLANG_WARN_DOCUMENTATION_COMMENTS = YES;
				CLANG_WARN_EMPTY_BODY = YES;
				CLANG_WARN_ENUM_CONVERSION = YES;
				CLANG_WARN_INFINITE_RECURSION = YES;
				CLANG_WARN_INT_CONVERSION = YES;
				CLANG_WARN_NON_LITERAL_NULL_CONVERSION = YES;
				CLANG_WARN_OBJC_IMPLICIT_RETAIN_SELF = YES;
				CLANG_WARN_OBJC_LITERAL_CONVERSION = YES;
				CLANG_WARN_OBJC_ROOT_CLASS = YES_ERROR;
				CLANG_WARN_QUOTED_INCLUDE_IN_FRAMEWORK_HEADER = YES;
				CLANG_WARN_RANGE_LOOP_ANALYSIS = YES;
				CLANG_WARN_STRICT_PROTOTYPES = YES;
				CLANG_WARN_SUSPICIOUS_MOVE = YES;
				CLANG_WARN_UNGUARDED_AVAILABILITY = YES_AGGRESSIVE;
				CLANG_WARN_UNREACHABLE_CODE = YES;
				CLANG_WARN__DUPLICATE_METHOD_MATCH = YES;
				COPY_PHASE_STRIP = NO;
				DEBUG_INFORMATION_FORMAT = "dwarf-with-dsym";
				ENABLE_NS_ASSERTIONS = NO;
				ENABLE_STRICT_OBJC_MSGSEND = YES;
				GCC_C_LANGUAGE_STANDARD = gnu11;
				GCC_NO_COMMON_BLOCKS = YES;
				GCC_WARN_64_TO_32_BIT_CONVERSION = YES;
				GCC_WARN_ABOUT_RETURN_TYPE = YES_ERROR;
				GCC_WARN_UNDECLARED_SELECTOR = YES;
				GCC_WARN_UNINITIALIZED_AUTOS = YES_AGGRESSIVE;
				GCC_WARN_UNUSED_FUNCTION = YES;
				GCC_WARN_UNUSED_VARIABLE = YES;
				IPHONEOS_DEPLOYMENT_TARGET = 16.4;
				MTL_ENABLE_DEBUG_INFO = NO;
				MTL_FAST_MATH = YES;
				SDKROOT = iphoneos;
				SWIFT_COMPILATION_MODE = wholemodule;
				SWIFT_OPTIMIZATION_LEVEL = "-O";
				VALIDATE_PRODUCT = YES;
			};
			name = Release;
		};
		E4C5600C2A0D14CB00F6F428 /* Debug */ = {
			isa = XCBuildConfiguration;
			buildSettings = {
				ASSETCATALOG_COMPILER_APPICON_NAME = AppIcon;
				ASSETCATALOG_COMPILER_GLOBAL_ACCENT_COLOR_NAME = AccentColor;
				CODE_SIGN_STYLE = Automatic;
				CURRENT_PROJECT_VERSION = 1;
				DEVELOPMENT_TEAM = SB29S227RU;
				GENERATE_INFOPLIST_FILE = YES;
				INFOPLIST_FILE = NewsCast/Info.plist;
				INFOPLIST_KEY_UIApplicationSupportsIndirectInputEvents = YES;
				INFOPLIST_KEY_UILaunchStoryboardName = LaunchScreen;
				INFOPLIST_KEY_UIMainStoryboardFile = Main;
				INFOPLIST_KEY_UISupportedInterfaceOrientations_iPad = "UIInterfaceOrientationPortrait UIInterfaceOrientationPortraitUpsideDown UIInterfaceOrientationLandscapeLeft UIInterfaceOrientationLandscapeRight";
				INFOPLIST_KEY_UISupportedInterfaceOrientations_iPhone = "UIInterfaceOrientationPortrait UIInterfaceOrientationLandscapeLeft UIInterfaceOrientationLandscapeRight";
				IPHONEOS_DEPLOYMENT_TARGET = 16.4;
				LD_RUNPATH_SEARCH_PATHS = (
					"$(inherited)",
					"@executable_path/Frameworks",
				);
				MARKETING_VERSION = 1.0;
				PRODUCT_BUNDLE_IDENTIFIER = com.ahmetakgun.NewsCast;
				PRODUCT_NAME = "$(TARGET_NAME)";
				SWIFT_EMIT_LOC_STRINGS = YES;
				SWIFT_VERSION = 5.0;
				TARGETED_DEVICE_FAMILY = "1,2";
			};
			name = Debug;
		};
		E4C5600D2A0D14CB00F6F428 /* Release */ = {
			isa = XCBuildConfiguration;
			buildSettings = {
				ASSETCATALOG_COMPILER_APPICON_NAME = AppIcon;
				ASSETCATALOG_COMPILER_GLOBAL_ACCENT_COLOR_NAME = AccentColor;
				CODE_SIGN_STYLE = Automatic;
				CURRENT_PROJECT_VERSION = 1;
				DEVELOPMENT_TEAM = SB29S227RU;
				GENERATE_INFOPLIST_FILE = YES;
				INFOPLIST_FILE = NewsCast/Info.plist;
				INFOPLIST_KEY_UIApplicationSupportsIndirectInputEvents = YES;
				INFOPLIST_KEY_UILaunchStoryboardName = LaunchScreen;
				INFOPLIST_KEY_UIMainStoryboardFile = Main;
				INFOPLIST_KEY_UISupportedInterfaceOrientations_iPad = "UIInterfaceOrientationPortrait UIInterfaceOrientationPortraitUpsideDown UIInterfaceOrientationLandscapeLeft UIInterfaceOrientationLandscapeRight";
				INFOPLIST_KEY_UISupportedInterfaceOrientations_iPhone = "UIInterfaceOrientationPortrait UIInterfaceOrientationLandscapeLeft UIInterfaceOrientationLandscapeRight";
				IPHONEOS_DEPLOYMENT_TARGET = 16.4;
				LD_RUNPATH_SEARCH_PATHS = (
					"$(inherited)",
					"@executable_path/Frameworks",
				);
				MARKETING_VERSION = 1.0;
				PRODUCT_BUNDLE_IDENTIFIER = com.ahmetakgun.NewsCast;
				PRODUCT_NAME = "$(TARGET_NAME)";
				SWIFT_EMIT_LOC_STRINGS = YES;
				SWIFT_VERSION = 5.0;
				TARGETED_DEVICE_FAMILY = "1,2";
			};
			name = Release;
		};
		E4C5600F2A0D14CB00F6F428 /* Debug */ = {
			isa = XCBuildConfiguration;
			buildSettings = {
				ALWAYS_EMBED_SWIFT_STANDARD_LIBRARIES = YES;
				BUNDLE_LOADER = "$(TEST_HOST)";
				CODE_SIGN_STYLE = Automatic;
				CURRENT_PROJECT_VERSION = 1;
				DEVELOPMENT_TEAM = SB29S227RU;
				GENERATE_INFOPLIST_FILE = YES;
				IPHONEOS_DEPLOYMENT_TARGET = 16.4;
				MARKETING_VERSION = 1.0;
				PRODUCT_BUNDLE_IDENTIFIER = com.ahmetakgun.NewsCastTests;
				PRODUCT_NAME = "$(TARGET_NAME)";
				SWIFT_EMIT_LOC_STRINGS = NO;
				SWIFT_VERSION = 5.0;
				TARGETED_DEVICE_FAMILY = "1,2";
				TEST_HOST = "$(BUILT_PRODUCTS_DIR)/NewsCast.app/$(BUNDLE_EXECUTABLE_FOLDER_PATH)/NewsCast";
			};
			name = Debug;
		};
		E4C560102A0D14CB00F6F428 /* Release */ = {
			isa = XCBuildConfiguration;
			buildSettings = {
				ALWAYS_EMBED_SWIFT_STANDARD_LIBRARIES = YES;
				BUNDLE_LOADER = "$(TEST_HOST)";
				CODE_SIGN_STYLE = Automatic;
				CURRENT_PROJECT_VERSION = 1;
				DEVELOPMENT_TEAM = SB29S227RU;
				GENERATE_INFOPLIST_FILE = YES;
				IPHONEOS_DEPLOYMENT_TARGET = 16.4;
				MARKETING_VERSION = 1.0;
				PRODUCT_BUNDLE_IDENTIFIER = com.ahmetakgun.NewsCastTests;
				PRODUCT_NAME = "$(TARGET_NAME)";
				SWIFT_EMIT_LOC_STRINGS = NO;
				SWIFT_VERSION = 5.0;
				TARGETED_DEVICE_FAMILY = "1,2";
				TEST_HOST = "$(BUILT_PRODUCTS_DIR)/NewsCast.app/$(BUNDLE_EXECUTABLE_FOLDER_PATH)/NewsCast";
			};
			name = Release;
		};
		E4C560122A0D14CB00F6F428 /* Debug */ = {
			isa = XCBuildConfiguration;
			buildSettings = {
				ALWAYS_EMBED_SWIFT_STANDARD_LIBRARIES = YES;
				CODE_SIGN_STYLE = Automatic;
				CURRENT_PROJECT_VERSION = 1;
				DEVELOPMENT_TEAM = SB29S227RU;
				GENERATE_INFOPLIST_FILE = YES;
				MARKETING_VERSION = 1.0;
				PRODUCT_BUNDLE_IDENTIFIER = com.ahmetakgun.NewsCastUITests;
				PRODUCT_NAME = "$(TARGET_NAME)";
				SWIFT_EMIT_LOC_STRINGS = NO;
				SWIFT_VERSION = 5.0;
				TARGETED_DEVICE_FAMILY = "1,2";
				TEST_TARGET_NAME = NewsCast;
			};
			name = Debug;
		};
		E4C560132A0D14CB00F6F428 /* Release */ = {
			isa = XCBuildConfiguration;
			buildSettings = {
				ALWAYS_EMBED_SWIFT_STANDARD_LIBRARIES = YES;
				CODE_SIGN_STYLE = Automatic;
				CURRENT_PROJECT_VERSION = 1;
				DEVELOPMENT_TEAM = SB29S227RU;
				GENERATE_INFOPLIST_FILE = YES;
				MARKETING_VERSION = 1.0;
				PRODUCT_BUNDLE_IDENTIFIER = com.ahmetakgun.NewsCastUITests;
				PRODUCT_NAME = "$(TARGET_NAME)";
				SWIFT_EMIT_LOC_STRINGS = NO;
				SWIFT_VERSION = 5.0;
				TARGETED_DEVICE_FAMILY = "1,2";
				TEST_TARGET_NAME = NewsCast;
			};
			name = Release;
		};
/* End XCBuildConfiguration section */

/* Begin XCConfigurationList section */
		E4C55FD92A0D14CA00F6F428 /* Build configuration list for PBXProject "NewsCast" */ = {
			isa = XCConfigurationList;
			buildConfigurations = (
				E4C560092A0D14CB00F6F428 /* Debug */,
				E4C5600A2A0D14CB00F6F428 /* Release */,
			);
			defaultConfigurationIsVisible = 0;
			defaultConfigurationName = Release;
		};
		E4C5600B2A0D14CB00F6F428 /* Build configuration list for PBXNativeTarget "NewsCast" */ = {
			isa = XCConfigurationList;
			buildConfigurations = (
				E4C5600C2A0D14CB00F6F428 /* Debug */,
				E4C5600D2A0D14CB00F6F428 /* Release */,
			);
			defaultConfigurationIsVisible = 0;
			defaultConfigurationName = Release;
		};
		E4C5600E2A0D14CB00F6F428 /* Build configuration list for PBXNativeTarget "NewsCastTests" */ = {
			isa = XCConfigurationList;
			buildConfigurations = (
				E4C5600F2A0D14CB00F6F428 /* Debug */,
				E4C560102A0D14CB00F6F428 /* Release */,
			);
			defaultConfigurationIsVisible = 0;
			defaultConfigurationName = Release;
		};
		E4C560112A0D14CB00F6F428 /* Build configuration list for PBXNativeTarget "NewsCastUITests" */ = {
			isa = XCConfigurationList;
			buildConfigurations = (
				E4C560122A0D14CB00F6F428 /* Debug */,
				E4C560132A0D14CB00F6F428 /* Release */,
			);
			defaultConfigurationIsVisible = 0;
			defaultConfigurationName = Release;
		};
/* End XCConfigurationList section */

/* Begin XCRemoteSwiftPackageReference section */
		E47229ED2A0DAF0D00379F29 /* XCRemoteSwiftPackageReference "SDWebImage" */ = {
			isa = XCRemoteSwiftPackageReference;
			repositoryURL = "https://github.com/SDWebImage/SDWebImage.git";
			requirement = {
				kind = upToNextMajorVersion;
				minimumVersion = 5.0.0;
			};
		};
/* End XCRemoteSwiftPackageReference section */

/* Begin XCSwiftPackageProductDependency section */
		E47229EE2A0DAF0D00379F29 /* SDWebImage */ = {
			isa = XCSwiftPackageProductDependency;
			package = E47229ED2A0DAF0D00379F29 /* XCRemoteSwiftPackageReference "SDWebImage" */;
			productName = SDWebImage;
		};
		E4C5601E2A0D1F2E00F6F428 /* NewsCastAPI */ = {
			isa = XCSwiftPackageProductDependency;
			productName = NewsCastAPI;
		};
/* End XCSwiftPackageProductDependency section */

/* Begin XCVersionGroup section */
		E4C55FEA2A0D14CA00F6F428 /* NewsCast.xcdatamodeld */ = {
			isa = XCVersionGroup;
			children = (
				E4C55FEB2A0D14CA00F6F428 /* NewsCast.xcdatamodel */,
			);
			currentVersion = E4C55FEB2A0D14CA00F6F428 /* NewsCast.xcdatamodel */;
			path = NewsCast.xcdatamodeld;
			sourceTree = "<group>";
			versionGroupType = wrapper.xcdatamodel;
		};
/* End XCVersionGroup section */
	};
	rootObject = E4C55FD62A0D14CA00F6F428 /* Project object */;
}
